
Microsoft Visual Studio Solution File, Format Version 12.00
# Visual Studio Version 17
VisualStudioVersion = 17.0.31919.166
MinimumVisualStudioVersion = 10.0.40219.1
Project("{FAE04EC0-301F-11D3-BF4B-00C04F79EFBC}") = "HW11-1", "HW11-1\HW11-1.csproj", "{D86A995D-C9B1-4C0E-A4B4-880EC4CB62C4}"
EndProject
Global
	GlobalSection(SolutionConfigurationPlatforms) = preSolution
		Debug|Any CPU = Debug|Any CPU
		Release|Any CPU = Release|Any CPU
	EndGlobalSection
	GlobalSection(ProjectConfigurationPlatforms) = postSolution
		{D86A995D-C9B1-4C0E-A4B4-880EC4CB62C4}.Debug|Any CPU.ActiveCfg = Debug|Any CPU
		{D86A995D-C9B1-4C0E-A4B4-880EC4CB62C4}.Debug|Any CPU.Build.0 = Debug|Any CPU
		{D86A995D-C9B1-4C0E-A4B4-880EC4CB62C4}.Release|Any CPU.ActiveCfg = Release|Any CPU
		{D86A995D-C9B1-4C0E-A4B4-880EC4CB62C4}.Release|Any CPU.Build.0 = Release|Any CPU
	EndGlobalSection
	GlobalSection(SolutionProperties) = preSolution
		HideSolutionNode = FALSE
	EndGlobalSection
	GlobalSection(ExtensibilityGlobals) = postSolution
		SolutionGuid = {172E23CE-E9F7-41C3-B03F-D361DBD4F7C9}
	EndGlobalSection
EndGlobal
